{
  "name": "bot-starter-kit",
  "version": "1.0.0",
  "lockfileVersion": 2,
  "requires": true,
  "packages": {
    "": {
      "name": "bot-starter-kit",
      "version": "1.0.0",
      "license": "ISC",
      "dependencies": {
        "@puregram/scenes": "^2.0.1",
        "@puregram/session": "^2.0.1-rc.1",
        "cron": "^2.3.1",
        "node-fetch": "^3.3.1",
        "puregram": "^2.10.2",
        "typescript": "^5.0.3"
      },
      "devDependencies": {
        "@types/cron": "^2.0.1",
        "@types/node": "^18.15.11"
      }
    },
    "node_modules/@puregram/scenes": {
      "version": "2.0.1",
      "resolved": "https://registry.npmjs.org/@puregram/scenes/-/scenes-2.0.1.tgz",
      "integrity": "sha512-bAg77xRN47wQz1LQw6O/TLHKsvJWZwRqa/77IOjbBV18EsJM98ea8T1ZS9aBt7705+oAXbU86LMmYCAQMxP99w==",
      "dependencies": {
        "@puregram/session": "^2.0.1-rc.1"
      },
      "engines": {
        "node": ">=12.0.0"
      },
      "peerDependencies": {
        "puregram": "^2.0.0"
      }
    },
    "node_modules/@puregram/session": {
      "version": "2.0.1-rc.1",
      "resolved": "https://registry.npmjs.org/@puregram/session/-/session-2.0.1-rc.1.tgz",
      "integrity": "sha512-tmJ2Lb6O6I0A+XGRas5M6c5qkylfvqlWl+k1gN0xnyzzIvdfMFSUQmwpvolrnHJIngKsQfje3Ait6YSImEXKLw==",
      "engines": {
        "node": ">=12.0.0"
      },
      "peerDependencies": {
        "puregram": "^2.0.0"
      }
    },
    "node_modules/@types/cron": {
      "version": "2.4.0",
      "resolved": "https://registry.npmjs.org/@types/cron/-/cron-2.4.0.tgz",
      "integrity": "sha512-5bBaAkqvSFBX8JMi/xCofNzG5E594TNsApMz68dLd/sQYz/HGQqgcxGHTRjOvD4G3Y+YF1Oo3S7QdCvKt1KAJQ==",
      "deprecated": "This is a stub types definition. cron provides its own type definitions, so you do not need this installed.",
      "dev": true,
      "dependencies": {
        "cron": "*"
      }
    },
    "node_modules/@types/node": {
      "version": "18.17.1",
      "resolved": "https://registry.npmjs.org/@types/node/-/node-18.17.1.tgz",
      "integrity": "sha512-xlR1jahfizdplZYRU59JlUx9uzF1ARa8jbhM11ccpCJya8kvos5jwdm2ZAgxSCwOl0fq21svP18EVwPBXMQudw==",
      "dev": true
    },
    "node_modules/busboy": {
      "version": "1.6.0",
      "resolved": "https://registry.npmjs.org/busboy/-/busboy-1.6.0.tgz",
      "integrity": "sha512-8SFQbg/0hQ9xy3UNTB0YEnsNBbWfhf7RtnzpL7TkBiTBRfrQ9Fxcnz7VJsleJpyp6rVLvXiuORqjlHi5q+PYuA==",
      "dependencies": {
        "streamsearch": "^1.1.0"
      },
      "engines": {
        "node": ">=10.16.0"
      }
    },
    "node_modules/cron": {
      "version": "2.4.0",
      "resolved": "https://registry.npmjs.org/cron/-/cron-2.4.0.tgz",
      "integrity": "sha512-Cx77ic1TyIAtUggr0oAhtS8MLzPBUqGNIvdDM7jE3oFIxfe8LXWI9q3iQN/H2CebAiMir53LQKWOhEKnzkJTAQ==",
      "dependencies": {
        "luxon": "^3.2.1"
      }
    },
    "node_modules/data-uri-to-buffer": {
      "version": "4.0.1",
      "resolved": "https://registry.npmjs.org/data-uri-to-buffer/-/data-uri-to-buffer-4.0.1.tgz",
      "integrity": "sha512-0R9ikRb668HB7QDxT1vkpuUBtqc53YyAwMwGeUFKRojY/NWKvdZ+9UYtRfGmhqNbRkTSVpMbmyhXipFFv2cb/A==",
      "engines": {
        "node": ">= 12"
      }
    },
    "node_modules/debug": {
      "version": "4.3.4",
      "resolved": "https://registry.npmjs.org/debug/-/debug-4.3.4.tgz",
      "integrity": "sha512-PRWFHuSU3eDtQJPvnNY7Jcket1j0t5OuOsFzPPzsekD52Zl8qUfFIPEiswXqIvHWGVHOgX+7G/vCNNhehwxfkQ==",
      "dependencies": {
        "ms": "2.1.2"
      },
      "engines": {
        "node": ">=6.0"
      },
      "peerDependenciesMeta": {
        "supports-color": {
          "optional": true
        }
      }
    },
    "node_modules/fetch-blob": {
      "version": "3.2.0",
      "resolved": "https://registry.npmjs.org/fetch-blob/-/fetch-blob-3.2.0.tgz",
      "integrity": "sha512-7yAQpD2UMJzLi1Dqv7qFYnPbaPx7ZfFK6PiIxQ4PfkGPyNyl2Ugx+a/umUonmKqjhM4DnfbMvdX6otXq83soQQ==",
      "funding": [
        {
          "type": "github",
          "url": "https://github.com/sponsors/jimmywarting"
        },
        {
          "type": "paypal",
          "url": "https://paypal.me/jimmywarting"
        }
      ],
      "dependencies": {
        "node-domexception": "^1.0.0",
        "web-streams-polyfill": "^3.0.3"
      },
      "engines": {
        "node": "^12.20 || >= 14.13"
      }
    },
    "node_modules/form-data-encoder": {
      "version": "1.9.0",
      "resolved": "https://registry.npmjs.org/form-data-encoder/-/form-data-encoder-1.9.0.tgz",
      "integrity": "sha512-rahaRMkN8P8d/tgK/BLPX+WBVM27NbvdXBxqQujBtkDAIFspaRqN7Od7lfdGQA6KAD+f82fYCLBq1ipvcu8qLw=="
    },
    "node_modules/formdata-node": {
      "version": "4.4.1",
      "resolved": "https://registry.npmjs.org/formdata-node/-/formdata-node-4.4.1.tgz",
      "integrity": "sha512-0iirZp3uVDjVGt9p49aTaqjk84TrglENEDuqfdlZQ1roC9CWlPk6Avf8EEnZNcAqPonwkG35x4n3ww/1THYAeQ==",
      "dependencies": {
        "node-domexception": "1.0.0",
        "web-streams-polyfill": "4.0.0-beta.3"
      },
      "engines": {
        "node": ">= 12.20"
      }
    },
    "node_modules/formdata-node/node_modules/web-streams-polyfill": {
      "version": "4.0.0-beta.3",
      "resolved": "https://registry.npmjs.org/web-streams-polyfill/-/web-streams-polyfill-4.0.0-beta.3.tgz",
      "integrity": "sha512-QW95TCTaHmsYfHDybGMwO5IJIM93I/6vTRk+daHTWFPhwh+C8Cg7j7XyKrwrj8Ib6vYXe0ocYNrmzY4xAAN6ug==",
      "engines": {
        "node": ">= 14"
      }
    },
    "node_modules/formdata-polyfill": {
      "version": "4.0.10",
      "resolved": "https://registry.npmjs.org/formdata-polyfill/-/formdata-polyfill-4.0.10.tgz",
      "integrity": "sha512-buewHzMvYL29jdeQTVILecSaZKnt/RJWjoZCF5OW60Z67/GmSLBkOFM7qh1PI3zFNtJbaZL5eQu1vLfazOwj4g==",
      "dependencies": {
        "fetch-blob": "^3.1.2"
      },
      "engines": {
        "node": ">=12.20.0"
      }
    },
    "node_modules/inspectable": {
      "version": "2.1.0",
      "resolved": "https://registry.npmjs.org/inspectable/-/inspectable-2.1.0.tgz",
      "integrity": "sha512-4hsdFGB0zkCqc3RtKGXw5Mw4PUrJneZpSmfGOiDvKJIznbcWvm+jzCDnJSLEm/86p91KLHVYVo5taH9YTr+6OA==",
      "engines": {
        "node": ">=12.0.0"
      },
      "peerDependencies": {
        "reflect-metadata": "^0.1.13"
      },
      "peerDependenciesMeta": {
        "reflect-metadata": {
          "optional": true
        }
      }
    },
    "node_modules/luxon": {
      "version": "3.3.0",
      "resolved": "https://registry.npmjs.org/luxon/-/luxon-3.3.0.tgz",
      "integrity": "sha512-An0UCfG/rSiqtAIiBPO0Y9/zAnHUZxAMiCpTd5h2smgsj7GGmcenvrvww2cqNA8/4A5ZrD1gJpHN2mIHZQF+Mg==",
      "engines": {
        "node": ">=12"
      }
    },
    "node_modules/middleware-io": {
      "version": "2.8.1",
      "resolved": "https://registry.npmjs.org/middleware-io/-/middleware-io-2.8.1.tgz",
      "integrity": "sha512-H0XftkexHKxxQsoCsItMzM7WU3S/rIFzL3T4guU8tWLKr7e5cVkdaZ+JQeeL+TB3OaHpqFi/ozYqQl69z2X6bg==",
      "engines": {
        "node": ">=12.0.0"
      }
    },
    "node_modules/ms": {
      "version": "2.1.2",
      "resolved": "https://registry.npmjs.org/ms/-/ms-2.1.2.tgz",
      "integrity": "sha512-sGkPx+VjMtmA6MX27oA4FBFELFCZZ4S4XqeGOXCv68tT+jb3vk/RyaKWP0PTKyWtmLSM0b+adUTEvbs1PEaH2w=="
    },
    "node_modules/node-domexception": {
      "version": "1.0.0",
      "resolved": "https://registry.npmjs.org/node-domexception/-/node-domexception-1.0.0.tgz",
      "integrity": "sha512-/jKZoMpw0F8GRwl4/eLROPA3cfcXtLApP0QzLmUT/HuPCZWyB7IY9ZrMeKw2O/nFIqPQB3PVM9aYm0F312AXDQ==",
      "funding": [
        {
          "type": "github",
          "url": "https://github.com/sponsors/jimmywarting"
        },
        {
          "type": "github",
          "url": "https://paypal.me/jimmywarting"
        }
      ],
      "engines": {
        "node": ">=10.5.0"
      }
    },
    "node_modules/node-fetch": {
      "version": "3.3.2",
      "resolved": "https://registry.npmjs.org/node-fetch/-/node-fetch-3.3.2.tgz",
      "integrity": "sha512-dRB78srN/l6gqWulah9SrxeYnxeddIG30+GOqK/9OlLVyLg3HPnr6SqOWTWOXKRwC2eGYCkZ59NNuSgvSrpgOA==",
      "dependencies": {
        "data-uri-to-buffer": "^4.0.0",
        "fetch-blob": "^3.1.4",
        "formdata-polyfill": "^4.0.10"
      },
      "engines": {
        "node": "^12.20.0 || ^14.13.1 || >=16.0.0"
      },
      "funding": {
        "type": "opencollective",
        "url": "https://opencollective.com/node-fetch"
      }
    },
    "node_modules/puregram": {
      "version": "2.11.0",
      "resolved": "https://registry.npmjs.org/puregram/-/puregram-2.11.0.tgz",
      "integrity": "sha512-JJmt/biCSEHGQlw4ImkLuxyfOJ9uuGTs4A7QRGZRdCh06knLd3QL6/hpamR4cNUxZ9uw1ZJBOL0hbnbOr5OqAw==",
      "dependencies": {
        "debug": "^4.3.2",
        "form-data-encoder": "^1.7.2",
        "formdata-node": "^4.3.2",
        "inspectable": "^2.0.0",
        "middleware-io": "^2.8.0",
        "reflect-metadata": "^0.1.13",
        "undici": "5.19.1"
      },
      "engines": {
        "node": ">=16.5.0"
      }
    },
    "node_modules/reflect-metadata": {
      "version": "0.1.13",
      "resolved": "https://registry.npmjs.org/reflect-metadata/-/reflect-metadata-0.1.13.tgz",
      "integrity": "sha512-Ts1Y/anZELhSsjMcU605fU9RE4Oi3p5ORujwbIKXfWa+0Zxs510Qrmrce5/Jowq3cHSZSJqBjypxmHarc+vEWg=="
    },
    "node_modules/streamsearch": {
      "version": "1.1.0",
      "resolved": "https://registry.npmjs.org/streamsearch/-/streamsearch-1.1.0.tgz",
      "integrity": "sha512-Mcc5wHehp9aXz1ax6bZUyY5afg9u2rv5cqQI3mRrYkGC8rW2hM02jWuwjtL++LS5qinSyhj2QfLyNsuc+VsExg==",
      "engines": {
        "node": ">=10.0.0"
      }
    },
    "node_modules/typescript": {
      "version": "5.1.6",
      "resolved": "https://registry.npmjs.org/typescript/-/typescript-5.1.6.tgz",
      "integrity": "sha512-zaWCozRZ6DLEWAWFrVDz1H6FVXzUSfTy5FUMWsQlU8Ym5JP9eO4xkTIROFCQvhQf61z6O/G6ugw3SgAnvvm+HA==",
      "bin": {
        "tsc": "bin/tsc",
        "tsserver": "bin/tsserver"
      },
      "engines": {
        "node": ">=14.17"
      }
    },
    "node_modules/undici": {
      "version": "5.19.1",
      "resolved": "https://registry.npmjs.org/undici/-/undici-5.19.1.tgz",
      "integrity": "sha512-YiZ61LPIgY73E7syxCDxxa3LV2yl3sN8spnIuTct60boiiRaE1J8mNWHO8Im2Zi/sFrPusjLlmRPrsyraSqX6A==",
      "dependencies": {
        "busboy": "^1.6.0"
      },
      "engines": {
        "node": ">=12.18"
      }
    },
    "node_modules/web-streams-polyfill": {
      "version": "3.2.1",
      "resolved": "https://registry.npmjs.org/web-streams-polyfill/-/web-streams-polyfill-3.2.1.tgz",
      "integrity": "sha512-e0MO3wdXWKrLbL0DgGnUV7WHVuw9OUvL4hjgnPkIeEvESk74gAITi5G606JtZPp39cd8HA9VQzCIvA49LpPN5Q==",
      "engines": {
        "node": ">= 8"
      }
    }
  },
  "dependencies": {
    "@puregram/scenes": {
      "version": "2.0.1",
      "resolved": "https://registry.npmjs.org/@puregram/scenes/-/scenes-2.0.1.tgz",
      "integrity": "sha512-bAg77xRN47wQz1LQw6O/TLHKsvJWZwRqa/77IOjbBV18EsJM98ea8T1ZS9aBt7705+oAXbU86LMmYCAQMxP99w==",
      "requires": {
        "@puregram/session": "^2.0.1-rc.1"
      }
    },
    "@puregram/session": {
      "version": "2.0.1-rc.1",
      "resolved": "https://registry.npmjs.org/@puregram/session/-/session-2.0.1-rc.1.tgz",
      "integrity": "sha512-tmJ2Lb6O6I0A+XGRas5M6c5qkylfvqlWl+k1gN0xnyzzIvdfMFSUQmwpvolrnHJIngKsQfje3Ait6YSImEXKLw==",
      "requires": {}
    },
    "@types/cron": {
      "version": "2.4.0",
      "resolved": "https://registry.npmjs.org/@types/cron/-/cron-2.4.0.tgz",
      "integrity": "sha512-5bBaAkqvSFBX8JMi/xCofNzG5E594TNsApMz68dLd/sQYz/HGQqgcxGHTRjOvD4G3Y+YF1Oo3S7QdCvKt1KAJQ==",
      "dev": true,
      "requires": {
        "cron": "*"
      }
    },
    "@types/node": {
      "version": "18.17.1",
      "resolved": "https://registry.npmjs.org/@types/node/-/node-18.17.1.tgz",
      "integrity": "sha512-xlR1jahfizdplZYRU59JlUx9uzF1ARa8jbhM11ccpCJya8kvos5jwdm2ZAgxSCwOl0fq21svP18EVwPBXMQudw==",
      "dev": true
    },
    "busboy": {
      "version": "1.6.0",
      "resolved": "https://registry.npmjs.org/busboy/-/busboy-1.6.0.tgz",
      "integrity": "sha512-8SFQbg/0hQ9xy3UNTB0YEnsNBbWfhf7RtnzpL7TkBiTBRfrQ9Fxcnz7VJsleJpyp6rVLvXiuORqjlHi5q+PYuA==",
      "requires": {
        "streamsearch": "^1.1.0"
      }
    },
    "cron": {
      "version": "2.4.0",
      "resolved": "https://registry.npmjs.org/cron/-/cron-2.4.0.tgz",
      "integrity": "sha512-Cx77ic1TyIAtUggr0oAhtS8MLzPBUqGNIvdDM7jE3oFIxfe8LXWI9q3iQN/H2CebAiMir53LQKWOhEKnzkJTAQ==",
      "requires": {
        "luxon": "^3.2.1"
      }
    },
    "data-uri-to-buffer": {
      "version": "4.0.1",
      "resolved": "https://registry.npmjs.org/data-uri-to-buffer/-/data-uri-to-buffer-4.0.1.tgz",
      "integrity": "sha512-0R9ikRb668HB7QDxT1vkpuUBtqc53YyAwMwGeUFKRojY/NWKvdZ+9UYtRfGmhqNbRkTSVpMbmyhXipFFv2cb/A=="
    },
    "debug": {
      "version": "4.3.4",
      "resolved": "https://registry.npmjs.org/debug/-/debug-4.3.4.tgz",
      "integrity": "sha512-PRWFHuSU3eDtQJPvnNY7Jcket1j0t5OuOsFzPPzsekD52Zl8qUfFIPEiswXqIvHWGVHOgX+7G/vCNNhehwxfkQ==",
      "requires": {
        "ms": "2.1.2"
      }
    },
    "fetch-blob": {
      "version": "3.2.0",
      "resolved": "https://registry.npmjs.org/fetch-blob/-/fetch-blob-3.2.0.tgz",
      "integrity": "sha512-7yAQpD2UMJzLi1Dqv7qFYnPbaPx7ZfFK6PiIxQ4PfkGPyNyl2Ugx+a/umUonmKqjhM4DnfbMvdX6otXq83soQQ==",
      "requires": {
        "node-domexception": "^1.0.0",
        "web-streams-polyfill": "^3.0.3"
      }
    },
    "form-data-encoder": {
      "version": "1.9.0",
      "resolved": "https://registry.npmjs.org/form-data-encoder/-/form-data-encoder-1.9.0.tgz",
      "integrity": "sha512-rahaRMkN8P8d/tgK/BLPX+WBVM27NbvdXBxqQujBtkDAIFspaRqN7Od7lfdGQA6KAD+f82fYCLBq1ipvcu8qLw=="
    },
    "formdata-node": {
      "version": "4.4.1",
      "resolved": "https://registry.npmjs.org/formdata-node/-/formdata-node-4.4.1.tgz",
      "integrity": "sha512-0iirZp3uVDjVGt9p49aTaqjk84TrglENEDuqfdlZQ1roC9CWlPk6Avf8EEnZNcAqPonwkG35x4n3ww/1THYAeQ==",
      "requires": {
        "node-domexception": "1.0.0",
        "web-streams-polyfill": "4.0.0-beta.3"
      },
      "dependencies": {
        "web-streams-polyfill": {
          "version": "4.0.0-beta.3",
          "resolved": "https://registry.npmjs.org/web-streams-polyfill/-/web-streams-polyfill-4.0.0-beta.3.tgz",
          "integrity": "sha512-QW95TCTaHmsYfHDybGMwO5IJIM93I/6vTRk+daHTWFPhwh+C8Cg7j7XyKrwrj8Ib6vYXe0ocYNrmzY4xAAN6ug=="
        }
      }
    },
    "formdata-polyfill": {
      "version": "4.0.10",
      "resolved": "https://registry.npmjs.org/formdata-polyfill/-/formdata-polyfill-4.0.10.tgz",
      "integrity": "sha512-buewHzMvYL29jdeQTVILecSaZKnt/RJWjoZCF5OW60Z67/GmSLBkOFM7qh1PI3zFNtJbaZL5eQu1vLfazOwj4g==",
      "requires": {
        "fetch-blob": "^3.1.2"
      }
    },
    "inspectable": {
      "version": "2.1.0",
      "resolved": "https://registry.npmjs.org/inspectable/-/inspectable-2.1.0.tgz",
      "integrity": "sha512-4hsdFGB0zkCqc3RtKGXw5Mw4PUrJneZpSmfGOiDvKJIznbcWvm+jzCDnJSLEm/86p91KLHVYVo5taH9YTr+6OA==",
      "requires": {}
    },
    "luxon": {
      "version": "3.3.0",
      "resolved": "https://registry.npmjs.org/luxon/-/luxon-3.3.0.tgz",
      "integrity": "sha512-An0UCfG/rSiqtAIiBPO0Y9/zAnHUZxAMiCpTd5h2smgsj7GGmcenvrvww2cqNA8/4A5ZrD1gJpHN2mIHZQF+Mg=="
    },
    "middleware-io": {
      "version": "2.8.1",
      "resolved": "https://registry.npmjs.org/middleware-io/-/middleware-io-2.8.1.tgz",
      "integrity": "sha512-H0XftkexHKxxQsoCsItMzM7WU3S/rIFzL3T4guU8tWLKr7e5cVkdaZ+JQeeL+TB3OaHpqFi/ozYqQl69z2X6bg=="
    },
    "ms": {
      "version": "2.1.2",
      "resolved": "https://registry.npmjs.org/ms/-/ms-2.1.2.tgz",
      "integrity": "sha512-sGkPx+VjMtmA6MX27oA4FBFELFCZZ4S4XqeGOXCv68tT+jb3vk/RyaKWP0PTKyWtmLSM0b+adUTEvbs1PEaH2w=="
    },
    "node-domexception": {
      "version": "1.0.0",
      "resolved": "https://registry.npmjs.org/node-domexception/-/node-domexception-1.0.0.tgz",
      "integrity": "sha512-/jKZoMpw0F8GRwl4/eLROPA3cfcXtLApP0QzLmUT/HuPCZWyB7IY9ZrMeKw2O/nFIqPQB3PVM9aYm0F312AXDQ=="
    },
    "node-fetch": {
      "version": "3.3.2",
      "resolved": "https://registry.npmjs.org/node-fetch/-/node-fetch-3.3.2.tgz",
      "integrity": "sha512-dRB78srN/l6gqWulah9SrxeYnxeddIG30+GOqK/9OlLVyLg3HPnr6SqOWTWOXKRwC2eGYCkZ59NNuSgvSrpgOA==",
      "requires": {
        "data-uri-to-buffer": "^4.0.0",
        "fetch-blob": "^3.1.4",
        "formdata-polyfill": "^4.0.10"
      }
    },
    "puregram": {
      "version": "2.11.0",
      "resolved": "https://registry.npmjs.org/puregram/-/puregram-2.11.0.tgz",
      "integrity": "sha512-JJmt/biCSEHGQlw4ImkLuxyfOJ9uuGTs4A7QRGZRdCh06knLd3QL6/hpamR4cNUxZ9uw1ZJBOL0hbnbOr5OqAw==",
      "requires": {
        "debug": "^4.3.2",
        "form-data-encoder": "^1.7.2",
        "formdata-node": "^4.3.2",
        "inspectable": "^2.0.0",
        "middleware-io": "^2.8.0",
        "reflect-metadata": "^0.1.13",
        "undici": "5.19.1"
      }
    },
    "reflect-metadata": {
      "version": "0.1.13",
      "resolved": "https://registry.npmjs.org/reflect-metadata/-/reflect-metadata-0.1.13.tgz",
      "integrity": "sha512-Ts1Y/anZELhSsjMcU605fU9RE4Oi3p5ORujwbIKXfWa+0Zxs510Qrmrce5/Jowq3cHSZSJqBjypxmHarc+vEWg=="
    },
    "streamsearch": {
      "version": "1.1.0",
      "resolved": "https://registry.npmjs.org/streamsearch/-/streamsearch-1.1.0.tgz",
      "integrity": "sha512-Mcc5wHehp9aXz1ax6bZUyY5afg9u2rv5cqQI3mRrYkGC8rW2hM02jWuwjtL++LS5qinSyhj2QfLyNsuc+VsExg=="
    },
    "typescript": {
      "version": "5.1.6",
      "resolved": "https://registry.npmjs.org/typescript/-/typescript-5.1.6.tgz",
      "integrity": "sha512-zaWCozRZ6DLEWAWFrVDz1H6FVXzUSfTy5FUMWsQlU8Ym5JP9eO4xkTIROFCQvhQf61z6O/G6ugw3SgAnvvm+HA=="
    },
    "undici": {
      "version": "5.19.1",
      "resolved": "https://registry.npmjs.org/undici/-/undici-5.19.1.tgz",
      "integrity": "sha512-YiZ61LPIgY73E7syxCDxxa3LV2yl3sN8spnIuTct60boiiRaE1J8mNWHO8Im2Zi/sFrPusjLlmRPrsyraSqX6A==",
      "requires": {
        "busboy": "^1.6.0"
      }
    },
    "web-streams-polyfill": {
      "version": "3.2.1",
      "resolved": "https://registry.npmjs.org/web-streams-polyfill/-/web-streams-polyfill-3.2.1.tgz",
      "integrity": "sha512-e0MO3wdXWKrLbL0DgGnUV7WHVuw9OUvL4hjgnPkIeEvESk74gAITi5G606JtZPp39cd8HA9VQzCIvA49LpPN5Q=="
    }
  }
}
